
Microsoft Visual Studio Solution File, Format Version 12.00
Project("{FAE04EC0-301F-11D3-BF4B-00C04F79EFBC}") = "Task1", "Task1\Task1.csproj", "{E3C05F8B-2A24-4301-88C7-51F2EC953E6E}"
EndProject
Project("{FAE04EC0-301F-11D3-BF4B-00C04F79EFBC}") = "Task2", "Task2\Task2.csproj", "{F864F2EF-9EAE-48D6-8E0F-4255626BFD16}"
EndProject
Project("{2150E333-8FDC-42A3-9474-1A3956D46DE8}") = "Basics", "Basics", "{0FA5BAA9-D556-48FA-A854-E6011350E37D}"
EndProject
Project("{2150E333-8FDC-42A3-9474-1A3956D46DE8}") = "Array", "Array", "{6F955AA3-3C02-454E-B86E-DFE239BC4293}"
EndProject
Project("{2150E333-8FDC-42A3-9474-1A3956D46DE8}") = "String", "String", "{C3BF451C-ECA2-4CD2-BFE0-5C83DB84FF75}"
EndProject
Project("{FAE04EC0-301F-11D3-BF4B-00C04F79EFBC}") = "Task23", "Task23\Task23.csproj", "{64E39756-D51A-44F6-9912-B5022DE57902}"
EndProject
Project("{FAE04EC0-301F-11D3-BF4B-00C04F79EFBC}") = "Task28", "Task28\Task28.csproj", "{5AD1FDF8-F421-40AB-BC97-6CD2FD64F897}"
EndProject
Project("{FAE04EC0-301F-11D3-BF4B-00C04F79EFBC}") = "Task3", "Task3\Task3.csproj", "{265A306B-D510-4E50-ABCA-059D71F045AE}"
EndProject
Project("{FAE04EC0-301F-11D3-BF4B-00C04F79EFBC}") = "Task4", "Task4\Task4.csproj", "{05232121-BB7D-43EC-AFD3-87888A01761A}"
EndProject
Project("{FAE04EC0-301F-11D3-BF4B-00C04F79EFBC}") = "Task5", "Task5\Task5.csproj", "{E35F1482-4427-4978-A3AC-E4FEFCA24B07}"
EndProject
Project("{FAE04EC0-301F-11D3-BF4B-00C04F79EFBC}") = "Task6", "Task6\Task6.csproj", "{5E0C2D80-3BBE-40CF-AE7B-397B5F97CB68}"
EndProject
Project("{FAE04EC0-301F-11D3-BF4B-00C04F79EFBC}") = "Task7", "Task7\Task7.csproj", "{F78CCE43-8C8C-44CF-84AC-B5919FAF4362}"
EndProject
Project("{FAE04EC0-301F-11D3-BF4B-00C04F79EFBC}") = "Task8", "Task8\Task8.csproj", "{F95257C9-67C7-4496-BDA4-C9E80E5AC39B}"
EndProject
Project("{FAE04EC0-301F-11D3-BF4B-00C04F79EFBC}") = "Task9", "Task9\Task9.csproj", "{C24D0DCE-CCCC-49A3-BCDE-63CCEECFBC99}"
EndProject
Project("{FAE04EC0-301F-11D3-BF4B-00C04F79EFBC}") = "Task10", "Task10\Task10.csproj", "{43323321-2846-4F44-A3A8-38F60CD73845}"
EndProject
Project("{FAE04EC0-301F-11D3-BF4B-00C04F79EFBC}") = "Task11", "Task11\Task11.csproj", "{885BA861-C3E9-406B-BA48-3DCEB44B1846}"
EndProject
Project("{FAE04EC0-301F-11D3-BF4B-00C04F79EFBC}") = "Task12", "Task12\Task12.csproj", "{578574A8-CFFF-46F6-9FF2-1CAD3F263F06}"
EndProject
Project("{FAE04EC0-301F-11D3-BF4B-00C04F79EFBC}") = "Task13", "Task13\Task13.csproj", "{23C389C1-D2F8-419F-B968-159E8FFE81E9}"
EndProject
Project("{FAE04EC0-301F-11D3-BF4B-00C04F79EFBC}") = "Task14", "Task14\Task14.csproj", "{123ECA28-AFEE-4243-A133-5D9C076B3703}"
EndProject
Project("{FAE04EC0-301F-11D3-BF4B-00C04F79EFBC}") = "Task15", "Task15\Task15.csproj", "{37C3494B-AE24-45F6-9A9A-8F78508A89F1}"
EndProject
Project("{FAE04EC0-301F-11D3-BF4B-00C04F79EFBC}") = "Task16", "Task16\Task16.csproj", "{0514E75F-605E-47D4-91FA-1784F4809F59}"
EndProject
Project("{FAE04EC0-301F-11D3-BF4B-00C04F79EFBC}") = "Task19", "Task19\Task19.csproj", "{D014E2A7-C971-4720-AF20-C44BDF01AAE2}"
EndProject
Project("{FAE04EC0-301F-11D3-BF4B-00C04F79EFBC}") = "Task20", "Task20\Task20.csproj", "{B4AB168D-6F90-4A76-9D3F-5819ACFBEC42}"
EndProject
Project("{FAE04EC0-301F-11D3-BF4B-00C04F79EFBC}") = "Task21", "Task21\Task21.csproj", "{4A52D4E2-4F5D-451C-9BB9-9F29EB0D7340}"
EndProject
Project("{FAE04EC0-301F-11D3-BF4B-00C04F79EFBC}") = "Task22", "Task22\Task22.csproj", "{FDF22A2C-7A9E-4DD2-9A60-39876762E256}"
EndProject
Project("{FAE04EC0-301F-11D3-BF4B-00C04F79EFBC}") = "Task24", "Task24\Task24.csproj", "{CF8C3144-A027-4461-A9B9-C52DF7BA1688}"
EndProject
Project("{FAE04EC0-301F-11D3-BF4B-00C04F79EFBC}") = "Task25", "Task25\Task25.csproj", "{0EF3369D-3D4E-4AEC-87C8-123C9DEF4818}"
EndProject
Project("{FAE04EC0-301F-11D3-BF4B-00C04F79EFBC}") = "Task26", "Task26\Task26.csproj", "{038EB7D8-EE89-4334-949B-1BE155D6E612}"
EndProject
Project("{FAE04EC0-301F-11D3-BF4B-00C04F79EFBC}") = "Task27", "Task27\Task27.csproj", "{B6604370-25B8-49D7-B50B-3B2F14E93969}"
EndProject
Project("{FAE04EC0-301F-11D3-BF4B-00C04F79EFBC}") = "Task29", "Task29\Task29.csproj", "{6F337DBE-B050-4A41-BE4C-27133C68CC85}"
EndProject
Project("{FAE04EC0-301F-11D3-BF4B-00C04F79EFBC}") = "Task18", "Task18\Task18.csproj", "{84DC0B96-36C1-4A4E-B93D-398DD413D2E5}"
EndProject
Project("{FAE04EC0-301F-11D3-BF4B-00C04F79EFBC}") = "Task17", "Task17\Task17.csproj", "{4ABB068F-3A70-484E-A39E-2D3C8FFEC92E}"
EndProject
Global
	GlobalSection(SolutionConfigurationPlatforms) = preSolution
		Debug|Any CPU = Debug|Any CPU
		Release|Any CPU = Release|Any CPU
	EndGlobalSection
	GlobalSection(ProjectConfigurationPlatforms) = postSolution
		{E3C05F8B-2A24-4301-88C7-51F2EC953E6E}.Debug|Any CPU.ActiveCfg = Debug|Any CPU
		{E3C05F8B-2A24-4301-88C7-51F2EC953E6E}.Debug|Any CPU.Build.0 = Debug|Any CPU
		{E3C05F8B-2A24-4301-88C7-51F2EC953E6E}.Release|Any CPU.ActiveCfg = Release|Any CPU
		{E3C05F8B-2A24-4301-88C7-51F2EC953E6E}.Release|Any CPU.Build.0 = Release|Any CPU
		{F864F2EF-9EAE-48D6-8E0F-4255626BFD16}.Debug|Any CPU.ActiveCfg = Debug|Any CPU
		{F864F2EF-9EAE-48D6-8E0F-4255626BFD16}.Debug|Any CPU.Build.0 = Debug|Any CPU
		{F864F2EF-9EAE-48D6-8E0F-4255626BFD16}.Release|Any CPU.ActiveCfg = Release|Any CPU
		{F864F2EF-9EAE-48D6-8E0F-4255626BFD16}.Release|Any CPU.Build.0 = Release|Any CPU
		{64E39756-D51A-44F6-9912-B5022DE57902}.Debug|Any CPU.ActiveCfg = Debug|Any CPU
		{64E39756-D51A-44F6-9912-B5022DE57902}.Debug|Any CPU.Build.0 = Debug|Any CPU
		{64E39756-D51A-44F6-9912-B5022DE57902}.Release|Any CPU.ActiveCfg = Release|Any CPU
		{64E39756-D51A-44F6-9912-B5022DE57902}.Release|Any CPU.Build.0 = Release|Any CPU
		{5AD1FDF8-F421-40AB-BC97-6CD2FD64F897}.Debug|Any CPU.ActiveCfg = Debug|Any CPU
		{5AD1FDF8-F421-40AB-BC97-6CD2FD64F897}.Debug|Any CPU.Build.0 = Debug|Any CPU
		{5AD1FDF8-F421-40AB-BC97-6CD2FD64F897}.Release|Any CPU.ActiveCfg = Release|Any CPU
		{5AD1FDF8-F421-40AB-BC97-6CD2FD64F897}.Release|Any CPU.Build.0 = Release|Any CPU
		{265A306B-D510-4E50-ABCA-059D71F045AE}.Debug|Any CPU.ActiveCfg = Debug|Any CPU
		{265A306B-D510-4E50-ABCA-059D71F045AE}.Debug|Any CPU.Build.0 = Debug|Any CPU
		{265A306B-D510-4E50-ABCA-059D71F045AE}.Release|Any CPU.ActiveCfg = Release|Any CPU
		{265A306B-D510-4E50-ABCA-059D71F045AE}.Release|Any CPU.Build.0 = Release|Any CPU
		{05232121-BB7D-43EC-AFD3-87888A01761A}.Debug|Any CPU.ActiveCfg = Debug|Any CPU
		{05232121-BB7D-43EC-AFD3-87888A01761A}.Debug|Any CPU.Build.0 = Debug|Any CPU
		{05232121-BB7D-43EC-AFD3-87888A01761A}.Release|Any CPU.ActiveCfg = Release|Any CPU
		{05232121-BB7D-43EC-AFD3-87888A01761A}.Release|Any CPU.Build.0 = Release|Any CPU
		{E35F1482-4427-4978-A3AC-E4FEFCA24B07}.Debug|Any CPU.ActiveCfg = Debug|Any CPU
		{E35F1482-4427-4978-A3AC-E4FEFCA24B07}.Debug|Any CPU.Build.0 = Debug|Any CPU
		{E35F1482-4427-4978-A3AC-E4FEFCA24B07}.Release|Any CPU.ActiveCfg = Release|Any CPU
		{E35F1482-4427-4978-A3AC-E4FEFCA24B07}.Release|Any CPU.Build.0 = Release|Any CPU
		{5E0C2D80-3BBE-40CF-AE7B-397B5F97CB68}.Debug|Any CPU.ActiveCfg = Debug|Any CPU
		{5E0C2D80-3BBE-40CF-AE7B-397B5F97CB68}.Debug|Any CPU.Build.0 = Debug|Any CPU
		{5E0C2D80-3BBE-40CF-AE7B-397B5F97CB68}.Release|Any CPU.ActiveCfg = Release|Any CPU
		{5E0C2D80-3BBE-40CF-AE7B-397B5F97CB68}.Release|Any CPU.Build.0 = Release|Any CPU
		{F78CCE43-8C8C-44CF-84AC-B5919FAF4362}.Debug|Any CPU.ActiveCfg = Debug|Any CPU
		{F78CCE43-8C8C-44CF-84AC-B5919FAF4362}.Debug|Any CPU.Build.0 = Debug|Any CPU
		{F78CCE43-8C8C-44CF-84AC-B5919FAF4362}.Release|Any CPU.ActiveCfg = Release|Any CPU
		{F78CCE43-8C8C-44CF-84AC-B5919FAF4362}.Release|Any CPU.Build.0 = Release|Any CPU
		{F95257C9-67C7-4496-BDA4-C9E80E5AC39B}.Debug|Any CPU.ActiveCfg = Debug|Any CPU
		{F95257C9-67C7-4496-BDA4-C9E80E5AC39B}.Debug|Any CPU.Build.0 = Debug|Any CPU
		{F95257C9-67C7-4496-BDA4-C9E80E5AC39B}.Release|Any CPU.ActiveCfg = Release|Any CPU
		{F95257C9-67C7-4496-BDA4-C9E80E5AC39B}.Release|Any CPU.Build.0 = Release|Any CPU
		{C24D0DCE-CCCC-49A3-BCDE-63CCEECFBC99}.Debug|Any CPU.ActiveCfg = Debug|Any CPU
		{C24D0DCE-CCCC-49A3-BCDE-63CCEECFBC99}.Debug|Any CPU.Build.0 = Debug|Any CPU
		{C24D0DCE-CCCC-49A3-BCDE-63CCEECFBC99}.Release|Any CPU.ActiveCfg = Release|Any CPU
		{C24D0DCE-CCCC-49A3-BCDE-63CCEECFBC99}.Release|Any CPU.Build.0 = Release|Any CPU
		{43323321-2846-4F44-A3A8-38F60CD73845}.Debug|Any CPU.ActiveCfg = Debug|Any CPU
		{43323321-2846-4F44-A3A8-38F60CD73845}.Debug|Any CPU.Build.0 = Debug|Any CPU
		{43323321-2846-4F44-A3A8-38F60CD73845}.Release|Any CPU.ActiveCfg = Release|Any CPU
		{43323321-2846-4F44-A3A8-38F60CD73845}.Release|Any CPU.Build.0 = Release|Any CPU
		{885BA861-C3E9-406B-BA48-3DCEB44B1846}.Debug|Any CPU.ActiveCfg = Debug|Any CPU
		{885BA861-C3E9-406B-BA48-3DCEB44B1846}.Debug|Any CPU.Build.0 = Debug|Any CPU
		{885BA861-C3E9-406B-BA48-3DCEB44B1846}.Release|Any CPU.ActiveCfg = Release|Any CPU
		{885BA861-C3E9-406B-BA48-3DCEB44B1846}.Release|Any CPU.Build.0 = Release|Any CPU
		{578574A8-CFFF-46F6-9FF2-1CAD3F263F06}.Debug|Any CPU.ActiveCfg = Debug|Any CPU
		{578574A8-CFFF-46F6-9FF2-1CAD3F263F06}.Debug|Any CPU.Build.0 = Debug|Any CPU
		{578574A8-CFFF-46F6-9FF2-1CAD3F263F06}.Release|Any CPU.ActiveCfg = Release|Any CPU
		{578574A8-CFFF-46F6-9FF2-1CAD3F263F06}.Release|Any CPU.Build.0 = Release|Any CPU
		{23C389C1-D2F8-419F-B968-159E8FFE81E9}.Debug|Any CPU.ActiveCfg = Debug|Any CPU
		{23C389C1-D2F8-419F-B968-159E8FFE81E9}.Debug|Any CPU.Build.0 = Debug|Any CPU
		{23C389C1-D2F8-419F-B968-159E8FFE81E9}.Release|Any CPU.ActiveCfg = Release|Any CPU
		{23C389C1-D2F8-419F-B968-159E8FFE81E9}.Release|Any CPU.Build.0 = Release|Any CPU
		{123ECA28-AFEE-4243-A133-5D9C076B3703}.Debug|Any CPU.ActiveCfg = Debug|Any CPU
		{123ECA28-AFEE-4243-A133-5D9C076B3703}.Debug|Any CPU.Build.0 = Debug|Any CPU
		{123ECA28-AFEE-4243-A133-5D9C076B3703}.Release|Any CPU.ActiveCfg = Release|Any CPU
		{123ECA28-AFEE-4243-A133-5D9C076B3703}.Release|Any CPU.Build.0 = Release|Any CPU
		{37C3494B-AE24-45F6-9A9A-8F78508A89F1}.Debug|Any CPU.ActiveCfg = Debug|Any CPU
		{37C3494B-AE24-45F6-9A9A-8F78508A89F1}.Debug|Any CPU.Build.0 = Debug|Any CPU
		{37C3494B-AE24-45F6-9A9A-8F78508A89F1}.Release|Any CPU.ActiveCfg = Release|Any CPU
		{37C3494B-AE24-45F6-9A9A-8F78508A89F1}.Release|Any CPU.Build.0 = Release|Any CPU
		{0514E75F-605E-47D4-91FA-1784F4809F59}.Debug|Any CPU.ActiveCfg = Debug|Any CPU
		{0514E75F-605E-47D4-91FA-1784F4809F59}.Debug|Any CPU.Build.0 = Debug|Any CPU
		{0514E75F-605E-47D4-91FA-1784F4809F59}.Release|Any CPU.ActiveCfg = Release|Any CPU
		{0514E75F-605E-47D4-91FA-1784F4809F59}.Release|Any CPU.Build.0 = Release|Any CPU
		{D014E2A7-C971-4720-AF20-C44BDF01AAE2}.Debug|Any CPU.ActiveCfg = Debug|Any CPU
		{D014E2A7-C971-4720-AF20-C44BDF01AAE2}.Debug|Any CPU.Build.0 = Debug|Any CPU
		{D014E2A7-C971-4720-AF20-C44BDF01AAE2}.Release|Any CPU.ActiveCfg = Release|Any CPU
		{D014E2A7-C971-4720-AF20-C44BDF01AAE2}.Release|Any CPU.Build.0 = Release|Any CPU
		{B4AB168D-6F90-4A76-9D3F-5819ACFBEC42}.Debug|Any CPU.ActiveCfg = Debug|Any CPU
		{B4AB168D-6F90-4A76-9D3F-5819ACFBEC42}.Debug|Any CPU.Build.0 = Debug|Any CPU
		{B4AB168D-6F90-4A76-9D3F-5819ACFBEC42}.Release|Any CPU.ActiveCfg = Release|Any CPU
		{B4AB168D-6F90-4A76-9D3F-5819ACFBEC42}.Release|Any CPU.Build.0 = Release|Any CPU
		{4A52D4E2-4F5D-451C-9BB9-9F29EB0D7340}.Debug|Any CPU.ActiveCfg = Debug|Any CPU
		{4A52D4E2-4F5D-451C-9BB9-9F29EB0D7340}.Debug|Any CPU.Build.0 = Debug|Any CPU
		{4A52D4E2-4F5D-451C-9BB9-9F29EB0D7340}.Release|Any CPU.ActiveCfg = Release|Any CPU
		{4A52D4E2-4F5D-451C-9BB9-9F29EB0D7340}.Release|Any CPU.Build.0 = Release|Any CPU
		{FDF22A2C-7A9E-4DD2-9A60-39876762E256}.Debug|Any CPU.ActiveCfg = Debug|Any CPU
		{FDF22A2C-7A9E-4DD2-9A60-39876762E256}.Debug|Any CPU.Build.0 = Debug|Any CPU
		{FDF22A2C-7A9E-4DD2-9A60-39876762E256}.Release|Any CPU.ActiveCfg = Release|Any CPU
		{FDF22A2C-7A9E-4DD2-9A60-39876762E256}.Release|Any CPU.Build.0 = Release|Any CPU
		{CF8C3144-A027-4461-A9B9-C52DF7BA1688}.Debug|Any CPU.ActiveCfg = Debug|Any CPU
		{CF8C3144-A027-4461-A9B9-C52DF7BA1688}.Debug|Any CPU.Build.0 = Debug|Any CPU
		{CF8C3144-A027-4461-A9B9-C52DF7BA1688}.Release|Any CPU.ActiveCfg = Release|Any CPU
		{CF8C3144-A027-4461-A9B9-C52DF7BA1688}.Release|Any CPU.Build.0 = Release|Any CPU
		{0EF3369D-3D4E-4AEC-87C8-123C9DEF4818}.Debug|Any CPU.ActiveCfg = Debug|Any CPU
		{0EF3369D-3D4E-4AEC-87C8-123C9DEF4818}.Debug|Any CPU.Build.0 = Debug|Any CPU
		{0EF3369D-3D4E-4AEC-87C8-123C9DEF4818}.Release|Any CPU.ActiveCfg = Release|Any CPU
		{0EF3369D-3D4E-4AEC-87C8-123C9DEF4818}.Release|Any CPU.Build.0 = Release|Any CPU
		{038EB7D8-EE89-4334-949B-1BE155D6E612}.Debug|Any CPU.ActiveCfg = Debug|Any CPU
		{038EB7D8-EE89-4334-949B-1BE155D6E612}.Debug|Any CPU.Build.0 = Debug|Any CPU
		{038EB7D8-EE89-4334-949B-1BE155D6E612}.Release|Any CPU.ActiveCfg = Release|Any CPU
		{038EB7D8-EE89-4334-949B-1BE155D6E612}.Release|Any CPU.Build.0 = Release|Any CPU
		{B6604370-25B8-49D7-B50B-3B2F14E93969}.Debug|Any CPU.ActiveCfg = Debug|Any CPU
		{B6604370-25B8-49D7-B50B-3B2F14E93969}.Debug|Any CPU.Build.0 = Debug|Any CPU
		{B6604370-25B8-49D7-B50B-3B2F14E93969}.Release|Any CPU.ActiveCfg = Release|Any CPU
		{B6604370-25B8-49D7-B50B-3B2F14E93969}.Release|Any CPU.Build.0 = Release|Any CPU
		{6F337DBE-B050-4A41-BE4C-27133C68CC85}.Debug|Any CPU.ActiveCfg = Debug|Any CPU
		{6F337DBE-B050-4A41-BE4C-27133C68CC85}.Debug|Any CPU.Build.0 = Debug|Any CPU
		{6F337DBE-B050-4A41-BE4C-27133C68CC85}.Release|Any CPU.ActiveCfg = Release|Any CPU
		{6F337DBE-B050-4A41-BE4C-27133C68CC85}.Release|Any CPU.Build.0 = Release|Any CPU
		{84DC0B96-36C1-4A4E-B93D-398DD413D2E5}.Debug|Any CPU.ActiveCfg = Debug|Any CPU
		{84DC0B96-36C1-4A4E-B93D-398DD413D2E5}.Debug|Any CPU.Build.0 = Debug|Any CPU
		{84DC0B96-36C1-4A4E-B93D-398DD413D2E5}.Release|Any CPU.ActiveCfg = Release|Any CPU
		{84DC0B96-36C1-4A4E-B93D-398DD413D2E5}.Release|Any CPU.Build.0 = Release|Any CPU
		{4ABB068F-3A70-484E-A39E-2D3C8FFEC92E}.Debug|Any CPU.ActiveCfg = Debug|Any CPU
		{4ABB068F-3A70-484E-A39E-2D3C8FFEC92E}.Debug|Any CPU.Build.0 = Debug|Any CPU
		{4ABB068F-3A70-484E-A39E-2D3C8FFEC92E}.Release|Any CPU.ActiveCfg = Release|Any CPU
		{4ABB068F-3A70-484E-A39E-2D3C8FFEC92E}.Release|Any CPU.Build.0 = Release|Any CPU
	EndGlobalSection
	GlobalSection(NestedProjects) = preSolution
		{E3C05F8B-2A24-4301-88C7-51F2EC953E6E} = {0FA5BAA9-D556-48FA-A854-E6011350E37D}
		{F864F2EF-9EAE-48D6-8E0F-4255626BFD16} = {0FA5BAA9-D556-48FA-A854-E6011350E37D}
		{64E39756-D51A-44F6-9912-B5022DE57902} = {C3BF451C-ECA2-4CD2-BFE0-5C83DB84FF75}
		{5AD1FDF8-F421-40AB-BC97-6CD2FD64F897} = {C3BF451C-ECA2-4CD2-BFE0-5C83DB84FF75}
		{265A306B-D510-4E50-ABCA-059D71F045AE} = {0FA5BAA9-D556-48FA-A854-E6011350E37D}
		{05232121-BB7D-43EC-AFD3-87888A01761A} = {0FA5BAA9-D556-48FA-A854-E6011350E37D}
		{E35F1482-4427-4978-A3AC-E4FEFCA24B07} = {0FA5BAA9-D556-48FA-A854-E6011350E37D}
		{5E0C2D80-3BBE-40CF-AE7B-397B5F97CB68} = {0FA5BAA9-D556-48FA-A854-E6011350E37D}
		{F78CCE43-8C8C-44CF-84AC-B5919FAF4362} = {0FA5BAA9-D556-48FA-A854-E6011350E37D}
		{F95257C9-67C7-4496-BDA4-C9E80E5AC39B} = {0FA5BAA9-D556-48FA-A854-E6011350E37D}
		{C24D0DCE-CCCC-49A3-BCDE-63CCEECFBC99} = {0FA5BAA9-D556-48FA-A854-E6011350E37D}
		{43323321-2846-4F44-A3A8-38F60CD73845} = {0FA5BAA9-D556-48FA-A854-E6011350E37D}
		{885BA861-C3E9-406B-BA48-3DCEB44B1846} = {0FA5BAA9-D556-48FA-A854-E6011350E37D}
		{578574A8-CFFF-46F6-9FF2-1CAD3F263F06} = {0FA5BAA9-D556-48FA-A854-E6011350E37D}
		{23C389C1-D2F8-419F-B968-159E8FFE81E9} = {6F955AA3-3C02-454E-B86E-DFE239BC4293}
		{123ECA28-AFEE-4243-A133-5D9C076B3703} = {6F955AA3-3C02-454E-B86E-DFE239BC4293}
		{37C3494B-AE24-45F6-9A9A-8F78508A89F1} = {6F955AA3-3C02-454E-B86E-DFE239BC4293}
		{0514E75F-605E-47D4-91FA-1784F4809F59} = {6F955AA3-3C02-454E-B86E-DFE239BC4293}
		{D014E2A7-C971-4720-AF20-C44BDF01AAE2} = {6F955AA3-3C02-454E-B86E-DFE239BC4293}
		{B4AB168D-6F90-4A76-9D3F-5819ACFBEC42} = {C3BF451C-ECA2-4CD2-BFE0-5C83DB84FF75}
		{4A52D4E2-4F5D-451C-9BB9-9F29EB0D7340} = {C3BF451C-ECA2-4CD2-BFE0-5C83DB84FF75}
		{FDF22A2C-7A9E-4DD2-9A60-39876762E256} = {C3BF451C-ECA2-4CD2-BFE0-5C83DB84FF75}
		{CF8C3144-A027-4461-A9B9-C52DF7BA1688} = {C3BF451C-ECA2-4CD2-BFE0-5C83DB84FF75}
		{0EF3369D-3D4E-4AEC-87C8-123C9DEF4818} = {C3BF451C-ECA2-4CD2-BFE0-5C83DB84FF75}
		{038EB7D8-EE89-4334-949B-1BE155D6E612} = {C3BF451C-ECA2-4CD2-BFE0-5C83DB84FF75}
		{B6604370-25B8-49D7-B50B-3B2F14E93969} = {C3BF451C-ECA2-4CD2-BFE0-5C83DB84FF75}
		{6F337DBE-B050-4A41-BE4C-27133C68CC85} = {C3BF451C-ECA2-4CD2-BFE0-5C83DB84FF75}
		{84DC0B96-36C1-4A4E-B93D-398DD413D2E5} = {6F955AA3-3C02-454E-B86E-DFE239BC4293}
		{4ABB068F-3A70-484E-A39E-2D3C8FFEC92E} = {6F955AA3-3C02-454E-B86E-DFE239BC4293}
	EndGlobalSection
EndGlobal
